
Microsoft Visual Studio Solution File, Format Version 12.00
Project("{2150E333-8FDC-42A3-9474-1A3956D46DE8}") = "Monolith", "Monolith", "{EE555F48-8C16-4A70-8549-D1FABAC2C340}"
EndProject
Project("{2150E333-8FDC-42A3-9474-1A3956D46DE8}") = "Microservice", "Microservice", "{C47212C4-E6FA-4F9E-8450-DDD31134E87F}"
EndProject
Project("{2150E333-8FDC-42A3-9474-1A3956D46DE8}") = "Services", "Services", "{10091D8E-3652-4A76-B072-2E8262C9E10A}"
EndProject
Project("{FAE04EC0-301F-11D3-BF4B-00C04F79EFBC}") = "ChatApp", "ChatApp\ChatApp.csproj", "{25D5E4E7-3C56-4E07-86D3-1201D141F1E7}"
EndProject
Project("{2150E333-8FDC-42A3-9474-1A3956D46DE8}") = "Solution Items", "Solution Items", "{3D21D713-2664-40F4-A183-806076312397}"
	ProjectSection(SolutionItems) = preProject
		compose.yaml = compose.yaml
	EndProjectSection
EndProject
Project("{FAE04EC0-301F-11D3-BF4B-00C04F79EFBC}") = "ChatMessageingService", "ChatMessageingService\ChatMessageingService.csproj", "{545580D5-5CD4-43A0-AFEE-B288A8E6EA72}"
EndProject
Project("{FAE04EC0-301F-11D3-BF4B-00C04F79EFBC}") = "ChatDatabaseService", "ChatDatabaseService\ChatDatabaseService.csproj", "{D0A992E1-BCEF-42EF-B72E-BFC1CD68887F}"
EndProject
Project("{FAE04EC0-301F-11D3-BF4B-00C04F79EFBC}") = "ChatHistoryService", "ChatHistoryService\ChatHistoryService.csproj", "{3A689B70-20E1-4158-ADB5-74722E0E9007}"
EndProject
Project("{2150E333-8FDC-42A3-9474-1A3956D46DE8}") = "Minimal", "Minimal", "{49527C8F-A673-4E03-B4A4-C38283DD0858}"
EndProject
Project("{FAE04EC0-301F-11D3-BF4B-00C04F79EFBC}") = "ChatApp", "Minimal\ChatApp\ChatApp.csproj", "{8CA7C8DC-85FA-44C1-B15D-1E55CCAFE8CE}"
EndProject
Project("{FAE04EC0-301F-11D3-BF4B-00C04F79EFBC}") = "ChatHistoryService", "Minimal\ChatHistoryService\ChatHistoryService.csproj", "{74A48EF9-5613-4CA7-9E16-F5912C9E8397}"
EndProject
Project("{FAE04EC0-301F-11D3-BF4B-00C04F79EFBC}") = "ChatMessagingService", "Minimal\ChatMessagingService\ChatMessagingService.csproj", "{DD6264A5-E5B9-4798-AF75-AE6DE73BE62A}"
EndProject
Project("{FAE04EC0-301F-11D3-BF4B-00C04F79EFBC}") = "ChatDatabaseService", "Minimal\ChatDatabaseService\ChatDatabaseService.csproj", "{8FBF8BBB-158F-4EFB-850A-6338761D94CA}"
EndProject
Project("{2150E333-8FDC-42A3-9474-1A3956D46DE8}") = "MicroServices", "MicroServices", "{D8B13BC5-A9E7-4F69-B897-FFB6DB121F08}"
EndProject
Project("{2150E333-8FDC-42A3-9474-1A3956D46DE8}") = "Monolith", "Monolith", "{2BEBCDFB-25D5-43EC-87F7-FAF08287E4DA}"
EndProject
Global
	GlobalSection(SolutionConfigurationPlatforms) = preSolution
		Debug|Any CPU = Debug|Any CPU
		Release|Any CPU = Release|Any CPU
	EndGlobalSection
	GlobalSection(NestedProjects) = preSolution
		{10091D8E-3652-4A76-B072-2E8262C9E10A} = {C47212C4-E6FA-4F9E-8450-DDD31134E87F}
		{25D5E4E7-3C56-4E07-86D3-1201D141F1E7} = {C47212C4-E6FA-4F9E-8450-DDD31134E87F}
		{545580D5-5CD4-43A0-AFEE-B288A8E6EA72} = {10091D8E-3652-4A76-B072-2E8262C9E10A}
		{D0A992E1-BCEF-42EF-B72E-BFC1CD68887F} = {10091D8E-3652-4A76-B072-2E8262C9E10A}
		{3A689B70-20E1-4158-ADB5-74722E0E9007} = {10091D8E-3652-4A76-B072-2E8262C9E10A}
		{D8B13BC5-A9E7-4F69-B897-FFB6DB121F08} = {49527C8F-A673-4E03-B4A4-C38283DD0858}
		{2BEBCDFB-25D5-43EC-87F7-FAF08287E4DA} = {49527C8F-A673-4E03-B4A4-C38283DD0858}
		{8CA7C8DC-85FA-44C1-B15D-1E55CCAFE8CE} = {D8B13BC5-A9E7-4F69-B897-FFB6DB121F08}
		{8FBF8BBB-158F-4EFB-850A-6338761D94CA} = {D8B13BC5-A9E7-4F69-B897-FFB6DB121F08}
		{74A48EF9-5613-4CA7-9E16-F5912C9E8397} = {D8B13BC5-A9E7-4F69-B897-FFB6DB121F08}
		{DD6264A5-E5B9-4798-AF75-AE6DE73BE62A} = {D8B13BC5-A9E7-4F69-B897-FFB6DB121F08}
	EndGlobalSection
	GlobalSection(ProjectConfigurationPlatforms) = postSolution
		{25D5E4E7-3C56-4E07-86D3-1201D141F1E7}.Debug|Any CPU.ActiveCfg = Debug|Any CPU
		{25D5E4E7-3C56-4E07-86D3-1201D141F1E7}.Debug|Any CPU.Build.0 = Debug|Any CPU
		{25D5E4E7-3C56-4E07-86D3-1201D141F1E7}.Release|Any CPU.ActiveCfg = Release|Any CPU
		{25D5E4E7-3C56-4E07-86D3-1201D141F1E7}.Release|Any CPU.Build.0 = Release|Any CPU
		{545580D5-5CD4-43A0-AFEE-B288A8E6EA72}.Debug|Any CPU.ActiveCfg = Debug|Any CPU
		{545580D5-5CD4-43A0-AFEE-B288A8E6EA72}.Debug|Any CPU.Build.0 = Debug|Any CPU
		{545580D5-5CD4-43A0-AFEE-B288A8E6EA72}.Release|Any CPU.ActiveCfg = Release|Any CPU
		{545580D5-5CD4-43A0-AFEE-B288A8E6EA72}.Release|Any CPU.Build.0 = Release|Any CPU
		{D0A992E1-BCEF-42EF-B72E-BFC1CD68887F}.Debug|Any CPU.ActiveCfg = Debug|Any CPU
		{D0A992E1-BCEF-42EF-B72E-BFC1CD68887F}.Debug|Any CPU.Build.0 = Debug|Any CPU
		{D0A992E1-BCEF-42EF-B72E-BFC1CD68887F}.Release|Any CPU.ActiveCfg = Release|Any CPU
		{D0A992E1-BCEF-42EF-B72E-BFC1CD68887F}.Release|Any CPU.Build.0 = Release|Any CPU
		{3A689B70-20E1-4158-ADB5-74722E0E9007}.Debug|Any CPU.ActiveCfg = Debug|Any CPU
		{3A689B70-20E1-4158-ADB5-74722E0E9007}.Debug|Any CPU.Build.0 = Debug|Any CPU
		{3A689B70-20E1-4158-ADB5-74722E0E9007}.Release|Any CPU.ActiveCfg = Release|Any CPU
		{3A689B70-20E1-4158-ADB5-74722E0E9007}.Release|Any CPU.Build.0 = Release|Any CPU
		{8CA7C8DC-85FA-44C1-B15D-1E55CCAFE8CE}.Debug|Any CPU.ActiveCfg = Debug|Any CPU
		{8CA7C8DC-85FA-44C1-B15D-1E55CCAFE8CE}.Debug|Any CPU.Build.0 = Debug|Any CPU
		{8CA7C8DC-85FA-44C1-B15D-1E55CCAFE8CE}.Release|Any CPU.ActiveCfg = Release|Any CPU
		{8CA7C8DC-85FA-44C1-B15D-1E55CCAFE8CE}.Release|Any CPU.Build.0 = Release|Any CPU
		{74A48EF9-5613-4CA7-9E16-F5912C9E8397}.Debug|Any CPU.ActiveCfg = Debug|Any CPU
		{74A48EF9-5613-4CA7-9E16-F5912C9E8397}.Debug|Any CPU.Build.0 = Debug|Any CPU
		{74A48EF9-5613-4CA7-9E16-F5912C9E8397}.Release|Any CPU.ActiveCfg = Release|Any CPU
		{74A48EF9-5613-4CA7-9E16-F5912C9E8397}.Release|Any CPU.Build.0 = Release|Any CPU
		{DD6264A5-E5B9-4798-AF75-AE6DE73BE62A}.Debug|Any CPU.ActiveCfg = Debug|Any CPU
		{DD6264A5-E5B9-4798-AF75-AE6DE73BE62A}.Debug|Any CPU.Build.0 = Debug|Any CPU
		{DD6264A5-E5B9-4798-AF75-AE6DE73BE62A}.Release|Any CPU.ActiveCfg = Release|Any CPU
		{DD6264A5-E5B9-4798-AF75-AE6DE73BE62A}.Release|Any CPU.Build.0 = Release|Any CPU
		{8FBF8BBB-158F-4EFB-850A-6338761D94CA}.Debug|Any CPU.ActiveCfg = Debug|Any CPU
		{8FBF8BBB-158F-4EFB-850A-6338761D94CA}.Debug|Any CPU.Build.0 = Debug|Any CPU
		{8FBF8BBB-158F-4EFB-850A-6338761D94CA}.Release|Any CPU.ActiveCfg = Release|Any CPU
		{8FBF8BBB-158F-4EFB-850A-6338761D94CA}.Release|Any CPU.Build.0 = Release|Any CPU
	EndGlobalSection
EndGlobal
