
Microsoft Visual Studio Solution File, Format Version 12.00
Project("{2150E333-8FDC-42A3-9474-1A3956D46DE8}") = "Monolith", "Monolith", "{EE555F48-8C16-4A70-8549-D1FABAC2C340}"
EndProject
Project("{2150E333-8FDC-42A3-9474-1A3956D46DE8}") = "Solution Items", "Solution Items", "{3D21D713-2664-40F4-A183-806076312397}"
	ProjectSection(SolutionItems) = preProject
		compose.yaml = compose.yaml
		Minimal\ChatDatabaseService\bin\Debug\net9.0\chat-log.db = Minimal\ChatDatabaseService\bin\Debug\net9.0\chat-log.db
	EndProjectSection
EndProject
Project("{FAE04EC0-301F-11D3-BF4B-00C04F79EFBC}") = "ChatApp", "Minimal\ChatApp\ChatApp.csproj", "{8CA7C8DC-85FA-44C1-B15D-1E55CCAFE8CE}"
EndProject
Project("{FAE04EC0-301F-11D3-BF4B-00C04F79EFBC}") = "ChatHistoryService", "Minimal\ChatHistoryService\ChatHistoryService.csproj", "{74A48EF9-5613-4CA7-9E16-F5912C9E8397}"
EndProject
Project("{FAE04EC0-301F-11D3-BF4B-00C04F79EFBC}") = "ChatMessagingService", "Minimal\ChatMessagingService\ChatMessagingService.csproj", "{DD6264A5-E5B9-4798-AF75-AE6DE73BE62A}"
EndProject
Project("{FAE04EC0-301F-11D3-BF4B-00C04F79EFBC}") = "ChatDatabaseService", "Minimal\ChatDatabaseService\ChatDatabaseService.csproj", "{8FBF8BBB-158F-4EFB-850A-6338761D94CA}"
EndProject
Project("{2150E333-8FDC-42A3-9474-1A3956D46DE8}") = "MicroServices", "MicroServices", "{D8B13BC5-A9E7-4F69-B897-FFB6DB121F08}"
EndProject
Project("{FAE04EC0-301F-11D3-BF4B-00C04F79EFBC}") = "Chat.Common", "Chat.Common\Chat.Common.csproj", "{2D3430EC-6C7C-47A1-8F69-EF646365770D}"
EndProject
Project("{FAE04EC0-301F-11D3-BF4B-00C04F79EFBC}") = "ChatApp.Client", "ChatApp.Client\ChatApp.Client.csproj", "{3EAA305F-3E44-4749-BC98-A376E2A95B9F}"
EndProject
Project("{FAE04EC0-301F-11D3-BF4B-00C04F79EFBC}") = "ChatApp.Server", "ChatApp.Server\ChatApp.Server.csproj", "{8FA7D6DB-A508-4CEA-89C9-6EBBC6C23286}"
EndProject
Global
	GlobalSection(SolutionConfigurationPlatforms) = preSolution
		Debug|Any CPU = Debug|Any CPU
		Release|Any CPU = Release|Any CPU
	EndGlobalSection
	GlobalSection(NestedProjects) = preSolution
		{8CA7C8DC-85FA-44C1-B15D-1E55CCAFE8CE} = {D8B13BC5-A9E7-4F69-B897-FFB6DB121F08}
		{8FBF8BBB-158F-4EFB-850A-6338761D94CA} = {D8B13BC5-A9E7-4F69-B897-FFB6DB121F08}
		{74A48EF9-5613-4CA7-9E16-F5912C9E8397} = {D8B13BC5-A9E7-4F69-B897-FFB6DB121F08}
		{DD6264A5-E5B9-4798-AF75-AE6DE73BE62A} = {D8B13BC5-A9E7-4F69-B897-FFB6DB121F08}
		{2D3430EC-6C7C-47A1-8F69-EF646365770D} = {D8B13BC5-A9E7-4F69-B897-FFB6DB121F08}
		{3EAA305F-3E44-4749-BC98-A376E2A95B9F} = {EE555F48-8C16-4A70-8549-D1FABAC2C340}
		{8FA7D6DB-A508-4CEA-89C9-6EBBC6C23286} = {EE555F48-8C16-4A70-8549-D1FABAC2C340}
	EndGlobalSection
	GlobalSection(ProjectConfigurationPlatforms) = postSolution
		{8CA7C8DC-85FA-44C1-B15D-1E55CCAFE8CE}.Debug|Any CPU.ActiveCfg = Debug|Any CPU
		{8CA7C8DC-85FA-44C1-B15D-1E55CCAFE8CE}.Debug|Any CPU.Build.0 = Debug|Any CPU
		{8CA7C8DC-85FA-44C1-B15D-1E55CCAFE8CE}.Release|Any CPU.ActiveCfg = Release|Any CPU
		{8CA7C8DC-85FA-44C1-B15D-1E55CCAFE8CE}.Release|Any CPU.Build.0 = Release|Any CPU
		{74A48EF9-5613-4CA7-9E16-F5912C9E8397}.Debug|Any CPU.ActiveCfg = Debug|Any CPU
		{74A48EF9-5613-4CA7-9E16-F5912C9E8397}.Debug|Any CPU.Build.0 = Debug|Any CPU
		{74A48EF9-5613-4CA7-9E16-F5912C9E8397}.Release|Any CPU.ActiveCfg = Release|Any CPU
		{74A48EF9-5613-4CA7-9E16-F5912C9E8397}.Release|Any CPU.Build.0 = Release|Any CPU
		{DD6264A5-E5B9-4798-AF75-AE6DE73BE62A}.Debug|Any CPU.ActiveCfg = Debug|Any CPU
		{DD6264A5-E5B9-4798-AF75-AE6DE73BE62A}.Debug|Any CPU.Build.0 = Debug|Any CPU
		{DD6264A5-E5B9-4798-AF75-AE6DE73BE62A}.Release|Any CPU.ActiveCfg = Release|Any CPU
		{DD6264A5-E5B9-4798-AF75-AE6DE73BE62A}.Release|Any CPU.Build.0 = Release|Any CPU
		{8FBF8BBB-158F-4EFB-850A-6338761D94CA}.Debug|Any CPU.ActiveCfg = Debug|Any CPU
		{8FBF8BBB-158F-4EFB-850A-6338761D94CA}.Debug|Any CPU.Build.0 = Debug|Any CPU
		{8FBF8BBB-158F-4EFB-850A-6338761D94CA}.Release|Any CPU.ActiveCfg = Release|Any CPU
		{8FBF8BBB-158F-4EFB-850A-6338761D94CA}.Release|Any CPU.Build.0 = Release|Any CPU
		{2D3430EC-6C7C-47A1-8F69-EF646365770D}.Debug|Any CPU.ActiveCfg = Debug|Any CPU
		{2D3430EC-6C7C-47A1-8F69-EF646365770D}.Debug|Any CPU.Build.0 = Debug|Any CPU
		{2D3430EC-6C7C-47A1-8F69-EF646365770D}.Release|Any CPU.ActiveCfg = Release|Any CPU
		{2D3430EC-6C7C-47A1-8F69-EF646365770D}.Release|Any CPU.Build.0 = Release|Any CPU
		{3EAA305F-3E44-4749-BC98-A376E2A95B9F}.Debug|Any CPU.ActiveCfg = Debug|Any CPU
		{3EAA305F-3E44-4749-BC98-A376E2A95B9F}.Debug|Any CPU.Build.0 = Debug|Any CPU
		{3EAA305F-3E44-4749-BC98-A376E2A95B9F}.Release|Any CPU.ActiveCfg = Release|Any CPU
		{3EAA305F-3E44-4749-BC98-A376E2A95B9F}.Release|Any CPU.Build.0 = Release|Any CPU
		{8FA7D6DB-A508-4CEA-89C9-6EBBC6C23286}.Debug|Any CPU.ActiveCfg = Debug|Any CPU
		{8FA7D6DB-A508-4CEA-89C9-6EBBC6C23286}.Debug|Any CPU.Build.0 = Debug|Any CPU
		{8FA7D6DB-A508-4CEA-89C9-6EBBC6C23286}.Release|Any CPU.ActiveCfg = Release|Any CPU
		{8FA7D6DB-A508-4CEA-89C9-6EBBC6C23286}.Release|Any CPU.Build.0 = Release|Any CPU
	EndGlobalSection
EndGlobal
