
Microsoft Visual Studio Solution File, Format Version 12.00
Project("{2150E333-8FDC-42A3-9474-1A3956D46DE8}") = "Monolith", "Monolith", "{EE555F48-8C16-4A70-8549-D1FABAC2C340}"
EndProject
Project("{2150E333-8FDC-42A3-9474-1A3956D46DE8}") = "Solution Items", "Solution Items", "{3D21D713-2664-40F4-A183-806076312397}"
	ProjectSection(SolutionItems) = preProject
		Dokumentation\API-Referenz.md = Dokumentation\API-Referenz.md
		Dokumentation\Architektur.md = Dokumentation\Architektur.md
		Dokumentation\Benchmarking.md = Dokumentation\Benchmarking.md
		Dokumentation\Changelog.md = Dokumentation\Changelog.md
		Dokumentation\Projektübersicht.md = Dokumentation\Projektübersicht.md
		Dokumentation\README.md = Dokumentation\README.md
		Dokumentation\Setup-Anleitung.md = Dokumentation\Setup-Anleitung.md
		Tools\analysis.py = Tools\analysis.py
		Benchmark-Analyse-Bericht.md = Benchmark-Analyse-Bericht.md
		chat-microservice.db = chat-microservice.db
		chat-microservice-log.db = chat-microservice-log.db
		chat-monolith.db = chat-monolith.db
		chat-monolith-log.db = chat-monolith-log.db
		TestConfig.yaml = TestConfig.yaml
	EndProjectSection
EndProject
Project("{FAE04EC0-301F-11D3-BF4B-00C04F79EFBC}") = "ChatApp", "Microservice\ChatApp\ChatApp.csproj", "{8CA7C8DC-85FA-44C1-B15D-1E55CCAFE8CE}"
EndProject
Project("{FAE04EC0-301F-11D3-BF4B-00C04F79EFBC}") = "ChatHistoryService", "Microservice\ChatHistoryService\ChatHistoryService.csproj", "{74A48EF9-5613-4CA7-9E16-F5912C9E8397}"
EndProject
Project("{FAE04EC0-301F-11D3-BF4B-00C04F79EFBC}") = "ChatMessagingService", "Microservice\ChatMessagingService\ChatMessagingService.csproj", "{DD6264A5-E5B9-4798-AF75-AE6DE73BE62A}"
EndProject
Project("{FAE04EC0-301F-11D3-BF4B-00C04F79EFBC}") = "ChatDatabaseService", "Microservice\ChatDatabaseService\ChatDatabaseService.csproj", "{8FBF8BBB-158F-4EFB-850A-6338761D94CA}"
EndProject
Project("{2150E333-8FDC-42A3-9474-1A3956D46DE8}") = "Microservice", "Microservice", "{D8B13BC5-A9E7-4F69-B897-FFB6DB121F08}"
EndProject
Project("{FAE04EC0-301F-11D3-BF4B-00C04F79EFBC}") = "Chat.Common", "Chat.Common\Chat.Common.csproj", "{2D3430EC-6C7C-47A1-8F69-EF646365770D}"
EndProject
Project("{FAE04EC0-301F-11D3-BF4B-00C04F79EFBC}") = "ChatApp.Server", "Monolith\ChatApp.Server\ChatApp.Server.csproj", "{57DBDA1F-672B-4722-A674-CC40C52C448B}"
EndProject
Project("{FAE04EC0-301F-11D3-BF4B-00C04F79EFBC}") = "ChatApp.Client", "Monolith\ChatApp.Client\ChatApp.Client.csproj", "{D51060C1-8608-4DC7-AF6D-2585F0433CE0}"
EndProject
Project("{FAE04EC0-301F-11D3-BF4B-00C04F79EFBC}") = "Chat.Tests", "Chat.Tests\Chat.Tests.csproj", "{EEEC1AA4-CDCE-4C0D-9008-A5F718D6C5F9}"
EndProject
Project("{FAE04EC0-301F-11D3-BF4B-00C04F79EFBC}") = "Chat.Reporter", "Chat.Reporter\Chat.Reporter.csproj", "{377AEB91-877D-480F-B293-5104711C92FC}"
EndProject
Project("{FAE04EC0-301F-11D3-BF4B-00C04F79EFBC}") = "Chat.Benchmark", "Chat.Benchmark\Chat.Benchmark.csproj", "{CAA52937-1914-44B3-837C-78F31E7253D6}"
EndProject
Global
	GlobalSection(SolutionConfigurationPlatforms) = preSolution
		Debug|Any CPU = Debug|Any CPU
		Release|Any CPU = Release|Any CPU
	EndGlobalSection
	GlobalSection(NestedProjects) = preSolution
		{8CA7C8DC-85FA-44C1-B15D-1E55CCAFE8CE} = {D8B13BC5-A9E7-4F69-B897-FFB6DB121F08}
		{8FBF8BBB-158F-4EFB-850A-6338761D94CA} = {D8B13BC5-A9E7-4F69-B897-FFB6DB121F08}
		{74A48EF9-5613-4CA7-9E16-F5912C9E8397} = {D8B13BC5-A9E7-4F69-B897-FFB6DB121F08}
		{DD6264A5-E5B9-4798-AF75-AE6DE73BE62A} = {D8B13BC5-A9E7-4F69-B897-FFB6DB121F08}
		{57DBDA1F-672B-4722-A674-CC40C52C448B} = {EE555F48-8C16-4A70-8549-D1FABAC2C340}
		{D51060C1-8608-4DC7-AF6D-2585F0433CE0} = {EE555F48-8C16-4A70-8549-D1FABAC2C340}
	EndGlobalSection
	GlobalSection(ProjectConfigurationPlatforms) = postSolution
		{8CA7C8DC-85FA-44C1-B15D-1E55CCAFE8CE}.Debug|Any CPU.ActiveCfg = Debug|Any CPU
		{8CA7C8DC-85FA-44C1-B15D-1E55CCAFE8CE}.Debug|Any CPU.Build.0 = Debug|Any CPU
		{8CA7C8DC-85FA-44C1-B15D-1E55CCAFE8CE}.Release|Any CPU.ActiveCfg = Release|Any CPU
		{8CA7C8DC-85FA-44C1-B15D-1E55CCAFE8CE}.Release|Any CPU.Build.0 = Release|Any CPU
		{74A48EF9-5613-4CA7-9E16-F5912C9E8397}.Debug|Any CPU.ActiveCfg = Debug|Any CPU
		{74A48EF9-5613-4CA7-9E16-F5912C9E8397}.Debug|Any CPU.Build.0 = Debug|Any CPU
		{74A48EF9-5613-4CA7-9E16-F5912C9E8397}.Release|Any CPU.ActiveCfg = Release|Any CPU
		{74A48EF9-5613-4CA7-9E16-F5912C9E8397}.Release|Any CPU.Build.0 = Release|Any CPU
		{DD6264A5-E5B9-4798-AF75-AE6DE73BE62A}.Debug|Any CPU.ActiveCfg = Debug|Any CPU
		{DD6264A5-E5B9-4798-AF75-AE6DE73BE62A}.Debug|Any CPU.Build.0 = Debug|Any CPU
		{DD6264A5-E5B9-4798-AF75-AE6DE73BE62A}.Release|Any CPU.ActiveCfg = Release|Any CPU
		{DD6264A5-E5B9-4798-AF75-AE6DE73BE62A}.Release|Any CPU.Build.0 = Release|Any CPU
		{8FBF8BBB-158F-4EFB-850A-6338761D94CA}.Debug|Any CPU.ActiveCfg = Debug|Any CPU
		{8FBF8BBB-158F-4EFB-850A-6338761D94CA}.Debug|Any CPU.Build.0 = Debug|Any CPU
		{8FBF8BBB-158F-4EFB-850A-6338761D94CA}.Release|Any CPU.ActiveCfg = Release|Any CPU
		{8FBF8BBB-158F-4EFB-850A-6338761D94CA}.Release|Any CPU.Build.0 = Release|Any CPU
		{2D3430EC-6C7C-47A1-8F69-EF646365770D}.Release|Any CPU.ActiveCfg = Release|Any CPU
		{2D3430EC-6C7C-47A1-8F69-EF646365770D}.Release|Any CPU.Build.0 = Release|Any CPU
		{2D3430EC-6C7C-47A1-8F69-EF646365770D}.Debug|Any CPU.ActiveCfg = Release|Any CPU
		{2D3430EC-6C7C-47A1-8F69-EF646365770D}.Debug|Any CPU.Build.0 = Release|Any CPU
		{57DBDA1F-672B-4722-A674-CC40C52C448B}.Debug|Any CPU.ActiveCfg = Debug|Any CPU
		{57DBDA1F-672B-4722-A674-CC40C52C448B}.Debug|Any CPU.Build.0 = Debug|Any CPU
		{57DBDA1F-672B-4722-A674-CC40C52C448B}.Release|Any CPU.ActiveCfg = Release|Any CPU
		{57DBDA1F-672B-4722-A674-CC40C52C448B}.Release|Any CPU.Build.0 = Release|Any CPU
		{D51060C1-8608-4DC7-AF6D-2585F0433CE0}.Debug|Any CPU.ActiveCfg = Debug|Any CPU
		{D51060C1-8608-4DC7-AF6D-2585F0433CE0}.Debug|Any CPU.Build.0 = Debug|Any CPU
		{D51060C1-8608-4DC7-AF6D-2585F0433CE0}.Release|Any CPU.ActiveCfg = Release|Any CPU
		{D51060C1-8608-4DC7-AF6D-2585F0433CE0}.Release|Any CPU.Build.0 = Release|Any CPU
		{EEEC1AA4-CDCE-4C0D-9008-A5F718D6C5F9}.Debug|Any CPU.ActiveCfg = Debug|Any CPU
		{EEEC1AA4-CDCE-4C0D-9008-A5F718D6C5F9}.Debug|Any CPU.Build.0 = Debug|Any CPU
		{EEEC1AA4-CDCE-4C0D-9008-A5F718D6C5F9}.Release|Any CPU.ActiveCfg = Release|Any CPU
		{EEEC1AA4-CDCE-4C0D-9008-A5F718D6C5F9}.Release|Any CPU.Build.0 = Release|Any CPU
		{377AEB91-877D-480F-B293-5104711C92FC}.Debug|Any CPU.ActiveCfg = Debug|Any CPU
		{377AEB91-877D-480F-B293-5104711C92FC}.Debug|Any CPU.Build.0 = Debug|Any CPU
		{377AEB91-877D-480F-B293-5104711C92FC}.Release|Any CPU.ActiveCfg = Release|Any CPU
		{377AEB91-877D-480F-B293-5104711C92FC}.Release|Any CPU.Build.0 = Release|Any CPU
		{CAA52937-1914-44B3-837C-78F31E7253D6}.Release|Any CPU.ActiveCfg = Release|Any CPU
		{CAA52937-1914-44B3-837C-78F31E7253D6}.Release|Any CPU.Build.0 = Release|Any CPU
		{CAA52937-1914-44B3-837C-78F31E7253D6}.Debug|Any CPU.ActiveCfg = Release|Any CPU
		{CAA52937-1914-44B3-837C-78F31E7253D6}.Debug|Any CPU.Build.0 = Release|Any CPU
	EndGlobalSection
EndGlobal
